
Microsoft Visual Studio Solution File, Format Version 12.00
# Visual Studio Version 16
VisualStudioVersion = 16.0.31129.286
MinimumVisualStudioVersion = 10.0.40219.1
Project("{2150E333-8FDC-42A3-9474-1A3956D46DE8}") = "Applications", "Applications", "{0910A965-EBA3-49F8-9E3E-2FC2B23F614F}"
EndProject
Project("{2150E333-8FDC-42A3-9474-1A3956D46DE8}") = "Libraries", "Libraries", "{C7EA1DCB-A281-458A-8ED8-751A99669AA2}"
EndProject
Project("{FAE04EC0-301F-11D3-BF4B-00C04F79EFBC}") = "NetflixClone.Web", "NetflixClone.Web\NetflixClone.Web.csproj", "{4B1F32F4-E765-4562-987A-BC7AE99AA923}"
EndProject
Project("{FAE04EC0-301F-11D3-BF4B-00C04F79EFBC}") = "NetflixClone.Foundation", "NetflixClone.Foundation\NetflixClone.Foundation.csproj", "{F3F41BB4-E9AA-4A65-8718-7CE34176EDC3}"
EndProject
Global
	GlobalSection(SolutionConfigurationPlatforms) = preSolution
		Debug|Any CPU = Debug|Any CPU
		Release|Any CPU = Release|Any CPU
	EndGlobalSection
	GlobalSection(ProjectConfigurationPlatforms) = postSolution
		{4B1F32F4-E765-4562-987A-BC7AE99AA923}.Debug|Any CPU.ActiveCfg = Debug|Any CPU
		{4B1F32F4-E765-4562-987A-BC7AE99AA923}.Debug|Any CPU.Build.0 = Debug|Any CPU
		{4B1F32F4-E765-4562-987A-BC7AE99AA923}.Release|Any CPU.ActiveCfg = Release|Any CPU
		{4B1F32F4-E765-4562-987A-BC7AE99AA923}.Release|Any CPU.Build.0 = Release|Any CPU
		{F3F41BB4-E9AA-4A65-8718-7CE34176EDC3}.Debug|Any CPU.ActiveCfg = Debug|Any CPU
		{F3F41BB4-E9AA-4A65-8718-7CE34176EDC3}.Debug|Any CPU.Build.0 = Debug|Any CPU
		{F3F41BB4-E9AA-4A65-8718-7CE34176EDC3}.Release|Any CPU.ActiveCfg = Release|Any CPU
		{F3F41BB4-E9AA-4A65-8718-7CE34176EDC3}.Release|Any CPU.Build.0 = Release|Any CPU
	EndGlobalSection
	GlobalSection(SolutionProperties) = preSolution
		HideSolutionNode = FALSE
	EndGlobalSection
	GlobalSection(NestedProjects) = preSolution
		{4B1F32F4-E765-4562-987A-BC7AE99AA923} = {0910A965-EBA3-49F8-9E3E-2FC2B23F614F}
		{F3F41BB4-E9AA-4A65-8718-7CE34176EDC3} = {C7EA1DCB-A281-458A-8ED8-751A99669AA2}
	EndGlobalSection
	GlobalSection(ExtensibilityGlobals) = postSolution
		SolutionGuid = {A3D60C42-0127-440A-9A8D-E28E04325FF8}
	EndGlobalSection
EndGlobal
